// !$*UTF8*$!
{
	archiveVersion = 1;
	classes = {
	};
	objectVersion = 46;
	objects = {

/* Begin PBXBuildFile section */
		70368A8F1F4EC5EE00CC2063 /* main.m in Sources */ = {isa = PBXBuildFile; fileRef = 70368A8E1F4EC5EE00CC2063 /* main.m */; };
		70368A921F4EC5EE00CC2063 /* AppDelegate.m in Sources */ = {isa = PBXBuildFile; fileRef = 70368A911F4EC5EE00CC2063 /* AppDelegate.m */; };
		70368A951F4EC5EE00CC2063 /* ViewController.m in Sources */ = {isa = PBXBuildFile; fileRef = 70368A941F4EC5EE00CC2063 /* ViewController.m */; };
		70368A981F4EC5EE00CC2063 /* Main.storyboard in Resources */ = {isa = PBXBuildFile; fileRef = 70368A961F4EC5EE00CC2063 /* Main.storyboard */; };
		70368A9A1F4EC5EE00CC2063 /* Assets.xcassets in Resources */ = {isa = PBXBuildFile; fileRef = 70368A991F4EC5EE00CC2063 /* Assets.xcassets */; };
		70368A9D1F4EC5EE00CC2063 /* LaunchScreen.storyboard in Resources */ = {isa = PBXBuildFile; fileRef = 70368A9B1F4EC5EE00CC2063 /* LaunchScreen.storyboard */; };
		70368AA91F4EC77700CC2063 /* OpenGLESView.m in Sources */ = {isa = PBXBuildFile; fileRef = 70368AA81F4EC77700CC2063 /* OpenGLESView.m */; };
/* End PBXBuildFile section */

/* Begin PBXFileReference section */
		70368A8A1F4EC5EE00CC2063 /* OpenGLESDemo.app */ = {isa = PBXFileReference; explicitFileType = wrapper.application; includeInIndex = 0; path = OpenGLESDemo.app; sourceTree = BUILT_PRODUCTS_DIR; };
		70368A8E1F4EC5EE00CC2063 /* main.m */ = {isa = PBXFileReference; lastKnownFileType = sourcecode.c.objc; path = main.m; sourceTree = "<group>"; };
		70368A901F4EC5EE00CC2063 /* AppDelegate.h */ = {isa = PBXFileReference; lastKnownFileType = sourcecode.c.h; path = AppDelegate.h; sourceTree = "<group>"; };
		70368A911F4EC5EE00CC2063 /* AppDelegate.m */ = {isa = PBXFileReference; lastKnownFileType = sourcecode.c.objc; path = AppDelegate.m; sourceTree = "<group>"; };
		70368A931F4EC5EE00CC2063 /* ViewController.h */ = {isa = PBXFileReference; lastKnownFileType = sourcecode.c.h; path = ViewController.h; sourceTree = "<group>"; };
		70368A941F4EC5EE00CC2063 /* ViewController.m */ = {isa = PBXFileReference; lastKnownFileType = sourcecode.c.objc; path = ViewController.m; sourceTree = "<group>"; };
		70368A971F4EC5EE00CC2063 /* Base */ = {isa = PBXFileReference; lastKnownFileType = file.storyboard; name = Base; path = Base.lproj/Main.storyboard; sourceTree = "<group>"; };
		70368A991F4EC5EE00CC2063 /* Assets.xcassets */ = {isa = PBXFileReference; lastKnownFileType = folder.assetcatalog; path = Assets.xcassets; sourceTree = "<group>"; };
		70368A9C1F4EC5EE00CC2063 /* Base */ = {isa = PBXFileReference; lastKnownFileType = file.storyboard; name = Base; path = Base.lproj/LaunchScreen.storyboard; sourceTree = "<group>"; };
		70368A9E1F4EC5EE00CC2063 /* Info.plist */ = {isa = PBXFileReference; lastKnownFileType = text.plist.xml; path = Info.plist; sourceTree = "<group>"; };
		70368AA71F4EC77700CC2063 /* OpenGLESView.h */ = {isa = PBXFileReference; fileEncoding = 4; lastKnownFileType = sourcecode.c.h; path = OpenGLESView.h; sourceTree = "<group>"; };
		70368AA81F4EC77700CC2063 /* OpenGLESView.m */ = {isa = PBXFileReference; fileEncoding = 4; lastKnownFileType = sourcecode.c.objc; path = OpenGLESView.m; sourceTree = "<group>"; };
/* End PBXFileReference section */

/* Begin PBXFrameworksBuildPhase section */
		70368A871F4EC5EE00CC2063 /* Frameworks */ = {
			isa = PBXFrameworksBuildPhase;
			buildActionMask = 2147483647;
			files = (
			);
			runOnlyForDeploymentPostprocessing = 0;
		};
/* End PBXFrameworksBuildPhase section */

/* Begin PBXGroup section */
		70368A811F4EC5EE00CC2063 = {
			isa = PBXGroup;
			children = (
				70368A8C1F4EC5EE00CC2063 /* OpenGLESDemo */,
				70368A8B1F4EC5EE00CC2063 /* Products */,
			);
			sourceTree = "<group>";
		};
		70368A8B1F4EC5EE00CC2063 /* Products */ = {
			isa = PBXGroup;
			children = (
				70368A8A1F4EC5EE00CC2063 /* OpenGLESDemo.app */,
			);
			name = Products;
			sourceTree = "<group>";
		};
		70368A8C1F4EC5EE00CC2063 /* OpenGLESDemo */ = {
			isa = PBXGroup;
			children = (
				70368A901F4EC5EE00CC2063 /* AppDelegate.h */,
				70368A911F4EC5EE00CC2063 /* AppDelegate.m */,
				70368A931F4EC5EE00CC2063 /* ViewController.h */,
				70368A941F4EC5EE00CC2063 /* ViewController.m */,
				70368AA71F4EC77700CC2063 /* OpenGLESView.h */,
				70368AA81F4EC77700CC2063 /* OpenGLESView.m */,
				70368A961F4EC5EE00CC2063 /* Main.storyboard */,
				70368A991F4EC5EE00CC2063 /* Assets.xcassets */,
				70368A9B1F4EC5EE00CC2063 /* LaunchScreen.storyboard */,
				70368A9E1F4EC5EE00CC2063 /* Info.plist */,
				70368A8D1F4EC5EE00CC2063 /* Supporting Files */,
			);
			path = OpenGLESDemo;
			sourceTree = "<group>";
		};
		70368A8D1F4EC5EE00CC2063 /* Supporting Files */ = {
			isa = PBXGroup;
			children = (
				70368A8E1F4EC5EE00CC2063 /* main.m */,
			);
			name = "Supporting Files";
			sourceTree = "<group>";
		};
/* End PBXGroup section */

/* Begin PBXNativeTarget section */
		70368A891F4EC5EE00CC2063 /* OpenGLESDemo */ = {
			isa = PBXNativeTarget;
			buildConfigurationList = 70368AA11F4EC5EE00CC2063 /* Build configuration list for PBXNativeTarget "OpenGLESDemo" */;
			buildPhases = (
				70368A861F4EC5EE00CC2063 /* Sources */,
				70368A871F4EC5EE00CC2063 /* Frameworks */,
				70368A881F4EC5EE00CC2063 /* Resources */,
			);
			buildRules = (
			);
			dependencies = (
			);
			name = OpenGLESDemo;
			productName = OpenGLESDemo;
			productReference = 70368A8A1F4EC5EE00CC2063 /* OpenGLESDemo.app */;
			productType = "com.apple.product-type.application";
		};
/* End PBXNativeTarget section */

/* Begin PBXProject section */
		70368A821F4EC5EE00CC2063 /* Project object */ = {
			isa = PBXProject;
			attributes = {
				LastUpgradeCheck = 0830;
				ORGANIZATIONNAME = QDDemo;
				TargetAttributes = {
					70368A891F4EC5EE00CC2063 = {
						CreatedOnToolsVersion = 8.3.3;
						DevelopmentTeam = Q3Y4E4975U;
						ProvisioningStyle = Automatic;
					};
				};
			};
			buildConfigurationList = 70368A851F4EC5EE00CC2063 /* Build configuration list for PBXProject "OpenGLESDemo" */;
			compatibilityVersion = "Xcode 3.2";
			developmentRegion = English;
			hasScannedForEncodings = 0;
			knownRegions = (
				en,
				Base,
			);
			mainGroup = 70368A811F4EC5EE00CC2063;
			productRefGroup = 70368A8B1F4EC5EE00CC2063 /* Products */;
			projectDirPath = "";
			projectRoot = "";
			targets = (
				70368A891F4EC5EE00CC2063 /* OpenGLESDemo */,
			);
		};
/* End PBXProject section */

/* Begin PBXResourcesBuildPhase section */
		70368A881F4EC5EE00CC2063 /* Resources */ = {
			isa = PBXResourcesBuildPhase;
			buildActionMask = 2147483647;
			files = (
				70368A9D1F4EC5EE00CC2063 /* LaunchScreen.storyboard in Resources */,
				70368A9A1F4EC5EE00CC2063 /* Assets.xcassets in Resources */,
				70368A981F4EC5EE00CC2063 /* Main.storyboard in Resources */,
			);
			runOnlyForDeploymentPostprocessing = 0;
		};
/* End PBXResourcesBuildPhase section */

/* Begin PBXSourcesBuildPhase section */
		70368A861F4EC5EE00CC2063 /* Sources */ = {
			isa = PBXSourcesBuildPhase;
			buildActionMask = 2147483647;
			files = (
				70368A951F4EC5EE00CC2063 /* ViewController.m in Sources */,
				70368AA91F4EC77700CC2063 /* OpenGLESView.m in Sources */,
				70368A921F4EC5EE00CC2063 /* AppDelegate.m in Sources */,
				70368A8F1F4EC5EE00CC2063 /* main.m in Sources */,
			);
			runOnlyForDeploymentPostprocessing = 0;
		};
/* End PBXSourcesBuildPhase section */

/* Begin PBXVariantGroup section */
		70368A961F4EC5EE00CC2063 /* Main.storyboard */ = {
			isa = PBXVariantGroup;
			children = (
				70368A971F4EC5EE00CC2063 /* Base */,
			);
			name = Main.storyboard;
			sourceTree = "<group>";
		};
		70368A9B1F4EC5EE00CC2063 /* LaunchScreen.storyboard */ = {
			isa = PBXVariantGroup;
			children = (
				70368A9C1F4EC5EE00CC2063 /* Base */,
			);
			name = LaunchScreen.storyboard;
			sourceTree = "<group>";
		};
/* End PBXVariantGroup section */

/* Begin XCBuildConfiguration section */
		70368A9F1F4EC5EE00CC2063 /* Debug */ = {
			isa = XCBuildConfiguration;
			buildSettings = {
				ALWAYS_SEARCH_USER_PATHS = NO;
				CLANG_ANALYZER_NONNULL = YES;
				CLANG_ANALYZER_NUMBER_OBJECT_CONVERSION = YES_AGGRESSIVE;
				CLANG_CXX_LANGUAGE_STANDARD = "gnu++0x";
				CLANG_CXX_LIBRARY = "libc++";
				CLANG_ENABLE_MODULES = YES;
				CLANG_ENABLE_OBJC_ARC = YES;
				CLANG_WARN_BOOL_CONVERSION = YES;
				CLANG_WARN_CONSTANT_CONVERSION = YES;
				CLANG_WARN_DIRECT_OBJC_ISA_USAGE = YES_ERROR;
				CLANG_WARN_DOCUMENTATION_COMMENTS = YES;
				CLANG_WARN_EMPTY_BODY = YES;
				CLANG_WARN_ENUM_CONVERSION = YES;
				CLANG_WARN_INFINITE_RECURSION = YES;
				CLANG_WARN_INT_CONVERSION = YES;
				CLANG_WARN_OBJC_ROOT_CLASS = YES_ERROR;
				CLANG_WARN_SUSPICIOUS_MOVE = YES;
				CLANG_WARN_UNREACHABLE_CODE = YES;
				CLANG_WARN__DUPLICATE_METHOD_MATCH = YES;
				"CODE_SIGN_IDENTITY[sdk=iphoneos*]" = "iPhone Developer";
				COPY_PHASE_STRIP = NO;
				DEBUG_INFORMATION_FORMAT = dwarf;
				ENABLE_STRICT_OBJC_MSGSEND = YES;
				ENABLE_TESTABILITY = YES;
				GCC_C_LANGUAGE_STANDARD = gnu99;
				GCC_DYNAMIC_NO_PIC = NO;
				GCC_NO_COMMON_BLOCKS = YES;
				GCC_OPTIMIZATION_LEVEL = 0;
				GCC_PREPROCESSOR_DEFINITIONS = (
					"DEBUG=1",
					"$(inherited)",
				);
				GCC_WARN_64_TO_32_BIT_CONVERSION = YES;
				GCC_WARN_ABOUT_RETURN_TYPE = YES_ERROR;
				GCC_WARN_UNDECLARED_SELECTOR = YES;
				GCC_WARN_UNINITIALIZED_AUTOS = YES_AGGRESSIVE;
				GCC_WARN_UNUSED_FUNCTION = YES;
				GCC_WARN_UNUSED_VARIABLE = YES;
				IPHONEOS_DEPLOYMENT_TARGET = 10.3;
				MTL_ENABLE_DEBUG_INFO = YES;
				ONLY_ACTIVE_ARCH = YES;
				SDKROOT = iphoneos;
				TARGETED_DEVICE_FAMILY = "1,2";
			};
			name = Debug;
		};
		70368AA01F4EC5EE00CC2063 /* Release */ = {
			isa = XCBuildConfiguration;
			buildSettings = {
				ALWAYS_SEARCH_USER_PATHS = NO;
				CLANG_ANALYZER_NONNULL = YES;
				CLANG_ANALYZER_NUMBER_OBJECT_CONVERSION = YES_AGGRESSIVE;
				CLANG_CXX_LANGUAGE_STANDARD = "gnu++0x";
				CLANG_CXX_LIBRARY = "libc++";
				CLANG_ENABLE_MODULES = YES;
				CLANG_ENABLE_OBJC_ARC = YES;
				CLANG_WARN_BOOL_CONVERSION = YES;
				CLANG_WARN_CONSTANT_CONVERSION = YES;
				CLANG_WARN_DIRECT_OBJC_ISA_USAGE = YES_ERROR;
				CLANG_WARN_DOCUMENTATION_COMMENTS = YES;
				CLANG_WARN_EMPTY_BODY = YES;
				CLANG_WARN_ENUM_CONVERSION = YES;
				CLANG_WARN_INFINITE_RECURSION = YES;
				CLANG_WARN_INT_CONVERSION = YES;
				CLANG_WARN_OBJC_ROOT_CLASS = YES_ERROR;
				CLANG_WARN_SUSPICIOUS_MOVE = YES;
				CLANG_WARN_UNREACHABLE_CODE = YES;
				CLANG_WARN__DUPLICATE_METHOD_MATCH = YES;
				"CODE_SIGN_IDENTITY[sdk=iphoneos*]" = "iPhone Developer";
				COPY_PHASE_STRIP = NO;
				DEBUG_INFORMATION_FORMAT = "dwarf-with-dsym";
				ENABLE_NS_ASSERTIONS = NO;
				ENABLE_STRICT_OBJC_MSGSEND = YES;
				GCC_C_LANGUAGE_STANDARD = gnu99;
				GCC_NO_COMMON_BLOCKS = YES;
				GCC_WARN_64_TO_32_BIT_CONVERSION = YES;
				GCC_WARN_ABOUT_RETURN_TYPE = YES_ERROR;
				GCC_WARN_UNDECLARED_SELECTOR = YES;
				GCC_WARN_UNINITIALIZED_AUTOS = YES_AGGRESSIVE;
				GCC_WARN_UNUSED_FUNCTION = YES;
				GCC_WARN_UNUSED_VARIABLE = YES;
				IPHONEOS_DEPLOYMENT_TARGET = 10.3;
				MTL_ENABLE_DEBUG_INFO = NO;
				SDKROOT = iphoneos;
				TARGETED_DEVICE_FAMILY = "1,2";
				VALIDATE_PRODUCT = YES;
			};
			name = Release;
		};
		70368AA21F4EC5EE00CC2063 /* Debug */ = {
			isa = XCBuildConfiguration;
			buildSettings = {
				ASSETCATALOG_COMPILER_APPICON_NAME = AppIcon;
				DEVELOPMENT_TEAM = Q3Y4E4975U;
				INFOPLIST_FILE = OpenGLESDemo/Info.plist;
				LD_RUNPATH_SEARCH_PATHS = "$(inherited) @executable_path/Frameworks";
				PRODUCT_BUNDLE_IDENTIFIER = com.QD.OpenGLESDemo;
				PRODUCT_NAME = "$(TARGET_NAME)";
			};
			name = Debug;
		};
		70368AA31F4EC5EE00CC2063 /* Release */ = {
			isa = XCBuildConfiguration;
			buildSettings = {
				ASSETCATALOG_COMPILER_APPICON_NAME = AppIcon;
				DEVELOPMENT_TEAM = Q3Y4E4975U;
				INFOPLIST_FILE = OpenGLESDemo/Info.plist;
				LD_RUNPATH_SEARCH_PATHS = "$(inherited) @executable_path/Frameworks";
				PRODUCT_BUNDLE_IDENTIFIER = com.QD.OpenGLESDemo;
				PRODUCT_NAME = "$(TARGET_NAME)";
			};
			name = Release;
		};
/* End XCBuildConfiguration section */

/* Begin XCConfigurationList section */
		70368A851F4EC5EE00CC2063 /* Build configuration list for PBXProject "OpenGLESDemo" */ = {
			isa = XCConfigurationList;
			buildConfigurations = (
				70368A9F1F4EC5EE00CC2063 /* Debug */,
				70368AA01F4EC5EE00CC2063 /* Release */,
			);
			defaultConfigurationIsVisible = 0;
			defaultConfigurationName = Release;
		};
		70368AA11F4EC5EE00CC2063 /* Build configuration list for PBXNativeTarget "OpenGLESDemo" */ = {
			isa = XCConfigurationList;
			buildConfigurations = (
				70368AA21F4EC5EE00CC2063 /* Debug */,
				70368AA31F4EC5EE00CC2063 /* Release */,
			);
			defaultConfigurationIsVisible = 0;
		};
/* End XCConfigurationList section */
	};
	rootObject = 70368A821F4EC5EE00CC2063 /* Project object */;
}
