// !$*UTF8*$!
{
	archiveVersion = 1;
	classes = {
	};
	objectVersion = 46;
	objects = {

/* Begin PBXBuildFile section */
		70DAEECE1F5122C600CA4B50 /* main.m in Sources */ = {isa = PBXBuildFile; fileRef = 70DAEECD1F5122C600CA4B50 /* main.m */; };
		70DAEED11F5122C600CA4B50 /* AppDelegate.m in Sources */ = {isa = PBXBuildFile; fileRef = 70DAEED01F5122C600CA4B50 /* AppDelegate.m */; };
		70DAEED41F5122C600CA4B50 /* ViewController.m in Sources */ = {isa = PBXBuildFile; fileRef = 70DAEED31F5122C600CA4B50 /* ViewController.m */; };
		70DAEED71F5122C600CA4B50 /* Main.storyboard in Resources */ = {isa = PBXBuildFile; fileRef = 70DAEED51F5122C600CA4B50 /* Main.storyboard */; };
		70DAEED91F5122C600CA4B50 /* Assets.xcassets in Resources */ = {isa = PBXBuildFile; fileRef = 70DAEED81F5122C600CA4B50 /* Assets.xcassets */; };
		70DAEEDC1F5122C600CA4B50 /* LaunchScreen.storyboard in Resources */ = {isa = PBXBuildFile; fileRef = 70DAEEDA1F5122C600CA4B50 /* LaunchScreen.storyboard */; };
		70DAEEE51F51289A00CA4B50 /* AVFoundation.framework in Frameworks */ = {isa = PBXBuildFile; fileRef = 70DAEEE41F51289A00CA4B50 /* AVFoundation.framework */; };
		70DAEEE71F51290A00CA4B50 /* test1.mp4 in Resources */ = {isa = PBXBuildFile; fileRef = 70DAEEE61F51290A00CA4B50 /* test1.mp4 */; };
		70DAEEEB1F51537C00CA4B50 /* PhotosTableViewController.m in Sources */ = {isa = PBXBuildFile; fileRef = 70DAEEEA1F51537C00CA4B50 /* PhotosTableViewController.m */; };
/* End PBXBuildFile section */

/* Begin PBXFileReference section */
		70DAEEC91F5122C600CA4B50 /* AVFoundationDemo.app */ = {isa = PBXFileReference; explicitFileType = wrapper.application; includeInIndex = 0; path = AVFoundationDemo.app; sourceTree = BUILT_PRODUCTS_DIR; };
		70DAEECD1F5122C600CA4B50 /* main.m */ = {isa = PBXFileReference; lastKnownFileType = sourcecode.c.objc; path = main.m; sourceTree = "<group>"; };
		70DAEECF1F5122C600CA4B50 /* AppDelegate.h */ = {isa = PBXFileReference; lastKnownFileType = sourcecode.c.h; path = AppDelegate.h; sourceTree = "<group>"; };
		70DAEED01F5122C600CA4B50 /* AppDelegate.m */ = {isa = PBXFileReference; lastKnownFileType = sourcecode.c.objc; path = AppDelegate.m; sourceTree = "<group>"; };
		70DAEED21F5122C600CA4B50 /* ViewController.h */ = {isa = PBXFileReference; lastKnownFileType = sourcecode.c.h; path = ViewController.h; sourceTree = "<group>"; };
		70DAEED31F5122C600CA4B50 /* ViewController.m */ = {isa = PBXFileReference; lastKnownFileType = sourcecode.c.objc; path = ViewController.m; sourceTree = "<group>"; };
		70DAEED61F5122C600CA4B50 /* Base */ = {isa = PBXFileReference; lastKnownFileType = file.storyboard; name = Base; path = Base.lproj/Main.storyboard; sourceTree = "<group>"; };
		70DAEED81F5122C600CA4B50 /* Assets.xcassets */ = {isa = PBXFileReference; lastKnownFileType = folder.assetcatalog; path = Assets.xcassets; sourceTree = "<group>"; };
		70DAEEDB1F5122C600CA4B50 /* Base */ = {isa = PBXFileReference; lastKnownFileType = file.storyboard; name = Base; path = Base.lproj/LaunchScreen.storyboard; sourceTree = "<group>"; };
		70DAEEDD1F5122C600CA4B50 /* Info.plist */ = {isa = PBXFileReference; lastKnownFileType = text.plist.xml; path = Info.plist; sourceTree = "<group>"; };
		70DAEEE41F51289A00CA4B50 /* AVFoundation.framework */ = {isa = PBXFileReference; lastKnownFileType = wrapper.framework; name = AVFoundation.framework; path = System/Library/Frameworks/AVFoundation.framework; sourceTree = SDKROOT; };
		70DAEEE61F51290A00CA4B50 /* test1.mp4 */ = {isa = PBXFileReference; lastKnownFileType = file; path = test1.mp4; sourceTree = "<group>"; };
		70DAEEE91F51537C00CA4B50 /* PhotosTableViewController.h */ = {isa = PBXFileReference; fileEncoding = 4; lastKnownFileType = sourcecode.c.h; path = PhotosTableViewController.h; sourceTree = "<group>"; };
		70DAEEEA1F51537C00CA4B50 /* PhotosTableViewController.m */ = {isa = PBXFileReference; fileEncoding = 4; lastKnownFileType = sourcecode.c.objc; path = PhotosTableViewController.m; sourceTree = "<group>"; };
/* End PBXFileReference section */

/* Begin PBXFrameworksBuildPhase section */
		70DAEEC61F5122C600CA4B50 /* Frameworks */ = {
			isa = PBXFrameworksBuildPhase;
			buildActionMask = 2147483647;
			files = (
				70DAEEE51F51289A00CA4B50 /* AVFoundation.framework in Frameworks */,
			);
			runOnlyForDeploymentPostprocessing = 0;
		};
/* End PBXFrameworksBuildPhase section */

/* Begin PBXGroup section */
		70DAEEC01F5122C600CA4B50 = {
			isa = PBXGroup;
			children = (
				70DAEECB1F5122C600CA4B50 /* AVFoundationDemo */,
				70DAEECA1F5122C600CA4B50 /* Products */,
				70DAEEE31F51289A00CA4B50 /* Frameworks */,
			);
			sourceTree = "<group>";
		};
		70DAEECA1F5122C600CA4B50 /* Products */ = {
			isa = PBXGroup;
			children = (
				70DAEEC91F5122C600CA4B50 /* AVFoundationDemo.app */,
			);
			name = Products;
			sourceTree = "<group>";
		};
		70DAEECB1F5122C600CA4B50 /* AVFoundationDemo */ = {
			isa = PBXGroup;
			children = (
				70DAEEE81F51536200CA4B50 /* Photos */,
				70DAEEE61F51290A00CA4B50 /* test1.mp4 */,
				70DAEECF1F5122C600CA4B50 /* AppDelegate.h */,
				70DAEED01F5122C600CA4B50 /* AppDelegate.m */,
				70DAEED21F5122C600CA4B50 /* ViewController.h */,
				70DAEED31F5122C600CA4B50 /* ViewController.m */,
				70DAEED51F5122C600CA4B50 /* Main.storyboard */,
				70DAEED81F5122C600CA4B50 /* Assets.xcassets */,
				70DAEEDA1F5122C600CA4B50 /* LaunchScreen.storyboard */,
				70DAEEDD1F5122C600CA4B50 /* Info.plist */,
				70DAEECC1F5122C600CA4B50 /* Supporting Files */,
			);
			path = AVFoundationDemo;
			sourceTree = "<group>";
		};
		70DAEECC1F5122C600CA4B50 /* Supporting Files */ = {
			isa = PBXGroup;
			children = (
				70DAEECD1F5122C600CA4B50 /* main.m */,
			);
			name = "Supporting Files";
			sourceTree = "<group>";
		};
		70DAEEE31F51289A00CA4B50 /* Frameworks */ = {
			isa = PBXGroup;
			children = (
				70DAEEE41F51289A00CA4B50 /* AVFoundation.framework */,
			);
			name = Frameworks;
			sourceTree = "<group>";
		};
		70DAEEE81F51536200CA4B50 /* Photos */ = {
			isa = PBXGroup;
			children = (
				70DAEEE91F51537C00CA4B50 /* PhotosTableViewController.h */,
				70DAEEEA1F51537C00CA4B50 /* PhotosTableViewController.m */,
			);
			name = Photos;
			sourceTree = "<group>";
		};
/* End PBXGroup section */

/* Begin PBXNativeTarget section */
		70DAEEC81F5122C600CA4B50 /* AVFoundationDemo */ = {
			isa = PBXNativeTarget;
			buildConfigurationList = 70DAEEE01F5122C600CA4B50 /* Build configuration list for PBXNativeTarget "AVFoundationDemo" */;
			buildPhases = (
				70DAEEC51F5122C600CA4B50 /* Sources */,
				70DAEEC61F5122C600CA4B50 /* Frameworks */,
				70DAEEC71F5122C600CA4B50 /* Resources */,
			);
			buildRules = (
			);
			dependencies = (
			);
			name = AVFoundationDemo;
			productName = AVFoundationDemo;
			productReference = 70DAEEC91F5122C600CA4B50 /* AVFoundationDemo.app */;
			productType = "com.apple.product-type.application";
		};
/* End PBXNativeTarget section */

/* Begin PBXProject section */
		70DAEEC11F5122C600CA4B50 /* Project object */ = {
			isa = PBXProject;
			attributes = {
				LastUpgradeCheck = 0830;
				ORGANIZATIONNAME = QDDemo;
				TargetAttributes = {
					70DAEEC81F5122C600CA4B50 = {
						CreatedOnToolsVersion = 8.3.3;
						DevelopmentTeam = Q3Y4E4975U;
						ProvisioningStyle = Automatic;
					};
				};
			};
			buildConfigurationList = 70DAEEC41F5122C600CA4B50 /* Build configuration list for PBXProject "AVFoundationDemo" */;
			compatibilityVersion = "Xcode 3.2";
			developmentRegion = English;
			hasScannedForEncodings = 0;
			knownRegions = (
				en,
				Base,
			);
			mainGroup = 70DAEEC01F5122C600CA4B50;
			productRefGroup = 70DAEECA1F5122C600CA4B50 /* Products */;
			projectDirPath = "";
			projectRoot = "";
			targets = (
				70DAEEC81F5122C600CA4B50 /* AVFoundationDemo */,
			);
		};
/* End PBXProject section */

/* Begin PBXResourcesBuildPhase section */
		70DAEEC71F5122C600CA4B50 /* Resources */ = {
			isa = PBXResourcesBuildPhase;
			buildActionMask = 2147483647;
			files = (
				70DAEEDC1F5122C600CA4B50 /* LaunchScreen.storyboard in Resources */,
				70DAEED91F5122C600CA4B50 /* Assets.xcassets in Resources */,
				70DAEED71F5122C600CA4B50 /* Main.storyboard in Resources */,
				70DAEEE71F51290A00CA4B50 /* test1.mp4 in Resources */,
			);
			runOnlyForDeploymentPostprocessing = 0;
		};
/* End PBXResourcesBuildPhase section */

/* Begin PBXSourcesBuildPhase section */
		70DAEEC51F5122C600CA4B50 /* Sources */ = {
			isa = PBXSourcesBuildPhase;
			buildActionMask = 2147483647;
			files = (
				70DAEED41F5122C600CA4B50 /* ViewController.m in Sources */,
				70DAEED11F5122C600CA4B50 /* AppDelegate.m in Sources */,
				70DAEEEB1F51537C00CA4B50 /* PhotosTableViewController.m in Sources */,
				70DAEECE1F5122C600CA4B50 /* main.m in Sources */,
			);
			runOnlyForDeploymentPostprocessing = 0;
		};
/* End PBXSourcesBuildPhase section */

/* Begin PBXVariantGroup section */
		70DAEED51F5122C600CA4B50 /* Main.storyboard */ = {
			isa = PBXVariantGroup;
			children = (
				70DAEED61F5122C600CA4B50 /* Base */,
			);
			name = Main.storyboard;
			sourceTree = "<group>";
		};
		70DAEEDA1F5122C600CA4B50 /* LaunchScreen.storyboard */ = {
			isa = PBXVariantGroup;
			children = (
				70DAEEDB1F5122C600CA4B50 /* Base */,
			);
			name = LaunchScreen.storyboard;
			sourceTree = "<group>";
		};
/* End PBXVariantGroup section */

/* Begin XCBuildConfiguration section */
		70DAEEDE1F5122C600CA4B50 /* Debug */ = {
			isa = XCBuildConfiguration;
			buildSettings = {
				ALWAYS_SEARCH_USER_PATHS = NO;
				CLANG_ANALYZER_NONNULL = YES;
				CLANG_ANALYZER_NUMBER_OBJECT_CONVERSION = YES_AGGRESSIVE;
				CLANG_CXX_LANGUAGE_STANDARD = "gnu++0x";
				CLANG_CXX_LIBRARY = "libc++";
				CLANG_ENABLE_MODULES = YES;
				CLANG_ENABLE_OBJC_ARC = YES;
				CLANG_WARN_BOOL_CONVERSION = YES;
				CLANG_WARN_CONSTANT_CONVERSION = YES;
				CLANG_WARN_DIRECT_OBJC_ISA_USAGE = YES_ERROR;
				CLANG_WARN_DOCUMENTATION_COMMENTS = YES;
				CLANG_WARN_EMPTY_BODY = YES;
				CLANG_WARN_ENUM_CONVERSION = YES;
				CLANG_WARN_INFINITE_RECURSION = YES;
				CLANG_WARN_INT_CONVERSION = YES;
				CLANG_WARN_OBJC_ROOT_CLASS = YES_ERROR;
				CLANG_WARN_SUSPICIOUS_MOVE = YES;
				CLANG_WARN_UNREACHABLE_CODE = YES;
				CLANG_WARN__DUPLICATE_METHOD_MATCH = YES;
				"CODE_SIGN_IDENTITY[sdk=iphoneos*]" = "iPhone Developer";
				COPY_PHASE_STRIP = NO;
				DEBUG_INFORMATION_FORMAT = dwarf;
				ENABLE_STRICT_OBJC_MSGSEND = YES;
				ENABLE_TESTABILITY = YES;
				GCC_C_LANGUAGE_STANDARD = gnu99;
				GCC_DYNAMIC_NO_PIC = NO;
				GCC_NO_COMMON_BLOCKS = YES;
				GCC_OPTIMIZATION_LEVEL = 0;
				GCC_PREPROCESSOR_DEFINITIONS = (
					"DEBUG=1",
					"$(inherited)",
				);
				GCC_WARN_64_TO_32_BIT_CONVERSION = YES;
				GCC_WARN_ABOUT_RETURN_TYPE = YES_ERROR;
				GCC_WARN_UNDECLARED_SELECTOR = YES;
				GCC_WARN_UNINITIALIZED_AUTOS = YES_AGGRESSIVE;
				GCC_WARN_UNUSED_FUNCTION = YES;
				GCC_WARN_UNUSED_VARIABLE = YES;
				IPHONEOS_DEPLOYMENT_TARGET = 10.3;
				MTL_ENABLE_DEBUG_INFO = YES;
				ONLY_ACTIVE_ARCH = YES;
				SDKROOT = iphoneos;
				TARGETED_DEVICE_FAMILY = "1,2";
			};
			name = Debug;
		};
		70DAEEDF1F5122C600CA4B50 /* Release */ = {
			isa = XCBuildConfiguration;
			buildSettings = {
				ALWAYS_SEARCH_USER_PATHS = NO;
				CLANG_ANALYZER_NONNULL = YES;
				CLANG_ANALYZER_NUMBER_OBJECT_CONVERSION = YES_AGGRESSIVE;
				CLANG_CXX_LANGUAGE_STANDARD = "gnu++0x";
				CLANG_CXX_LIBRARY = "libc++";
				CLANG_ENABLE_MODULES = YES;
				CLANG_ENABLE_OBJC_ARC = YES;
				CLANG_WARN_BOOL_CONVERSION = YES;
				CLANG_WARN_CONSTANT_CONVERSION = YES;
				CLANG_WARN_DIRECT_OBJC_ISA_USAGE = YES_ERROR;
				CLANG_WARN_DOCUMENTATION_COMMENTS = YES;
				CLANG_WARN_EMPTY_BODY = YES;
				CLANG_WARN_ENUM_CONVERSION = YES;
				CLANG_WARN_INFINITE_RECURSION = YES;
				CLANG_WARN_INT_CONVERSION = YES;
				CLANG_WARN_OBJC_ROOT_CLASS = YES_ERROR;
				CLANG_WARN_SUSPICIOUS_MOVE = YES;
				CLANG_WARN_UNREACHABLE_CODE = YES;
				CLANG_WARN__DUPLICATE_METHOD_MATCH = YES;
				"CODE_SIGN_IDENTITY[sdk=iphoneos*]" = "iPhone Developer";
				COPY_PHASE_STRIP = NO;
				DEBUG_INFORMATION_FORMAT = "dwarf-with-dsym";
				ENABLE_NS_ASSERTIONS = NO;
				ENABLE_STRICT_OBJC_MSGSEND = YES;
				GCC_C_LANGUAGE_STANDARD = gnu99;
				GCC_NO_COMMON_BLOCKS = YES;
				GCC_WARN_64_TO_32_BIT_CONVERSION = YES;
				GCC_WARN_ABOUT_RETURN_TYPE = YES_ERROR;
				GCC_WARN_UNDECLARED_SELECTOR = YES;
				GCC_WARN_UNINITIALIZED_AUTOS = YES_AGGRESSIVE;
				GCC_WARN_UNUSED_FUNCTION = YES;
				GCC_WARN_UNUSED_VARIABLE = YES;
				IPHONEOS_DEPLOYMENT_TARGET = 10.3;
				MTL_ENABLE_DEBUG_INFO = NO;
				SDKROOT = iphoneos;
				TARGETED_DEVICE_FAMILY = "1,2";
				VALIDATE_PRODUCT = YES;
			};
			name = Release;
		};
		70DAEEE11F5122C600CA4B50 /* Debug */ = {
			isa = XCBuildConfiguration;
			buildSettings = {
				ASSETCATALOG_COMPILER_APPICON_NAME = AppIcon;
				DEVELOPMENT_TEAM = Q3Y4E4975U;
				INFOPLIST_FILE = AVFoundationDemo/Info.plist;
				IPHONEOS_DEPLOYMENT_TARGET = 8.0;
				LD_RUNPATH_SEARCH_PATHS = "$(inherited) @executable_path/Frameworks";
				PRODUCT_BUNDLE_IDENTIFIER = com.QD.AVFoundationDemo;
				PRODUCT_NAME = "$(TARGET_NAME)";
			};
			name = Debug;
		};
		70DAEEE21F5122C600CA4B50 /* Release */ = {
			isa = XCBuildConfiguration;
			buildSettings = {
				ASSETCATALOG_COMPILER_APPICON_NAME = AppIcon;
				DEVELOPMENT_TEAM = Q3Y4E4975U;
				INFOPLIST_FILE = AVFoundationDemo/Info.plist;
				IPHONEOS_DEPLOYMENT_TARGET = 8.0;
				LD_RUNPATH_SEARCH_PATHS = "$(inherited) @executable_path/Frameworks";
				PRODUCT_BUNDLE_IDENTIFIER = com.QD.AVFoundationDemo;
				PRODUCT_NAME = "$(TARGET_NAME)";
			};
			name = Release;
		};
/* End XCBuildConfiguration section */

/* Begin XCConfigurationList section */
		70DAEEC41F5122C600CA4B50 /* Build configuration list for PBXProject "AVFoundationDemo" */ = {
			isa = XCConfigurationList;
			buildConfigurations = (
				70DAEEDE1F5122C600CA4B50 /* Debug */,
				70DAEEDF1F5122C600CA4B50 /* Release */,
			);
			defaultConfigurationIsVisible = 0;
			defaultConfigurationName = Release;
		};
		70DAEEE01F5122C600CA4B50 /* Build configuration list for PBXNativeTarget "AVFoundationDemo" */ = {
			isa = XCConfigurationList;
			buildConfigurations = (
				70DAEEE11F5122C600CA4B50 /* Debug */,
				70DAEEE21F5122C600CA4B50 /* Release */,
			);
			defaultConfigurationIsVisible = 0;
		};
/* End XCConfigurationList section */
	};
	rootObject = 70DAEEC11F5122C600CA4B50 /* Project object */;
}
