// !$*UTF8*$!
{
	archiveVersion = 1;
	classes = {
	};
	objectVersion = 46;
	objects = {

/* Begin PBXBuildFile section */
		7011CD711F5695C400B4DC30 /* QDLabel.m in Sources */ = {isa = PBXBuildFile; fileRef = 7011CD701F5695C400B4DC30 /* QDLabel.m */; };
		7011CD741F58074100B4DC30 /* QDTextView.m in Sources */ = {isa = PBXBuildFile; fileRef = 7011CD731F58074100B4DC30 /* QDTextView.m */; };
		704C408A1F3AA2790039FEC6 /* main.m in Sources */ = {isa = PBXBuildFile; fileRef = 704C40891F3AA2790039FEC6 /* main.m */; };
		704C408D1F3AA2790039FEC6 /* AppDelegate.m in Sources */ = {isa = PBXBuildFile; fileRef = 704C408C1F3AA2790039FEC6 /* AppDelegate.m */; };
		704C40901F3AA2790039FEC6 /* ViewController.m in Sources */ = {isa = PBXBuildFile; fileRef = 704C408F1F3AA2790039FEC6 /* ViewController.m */; };
		704C40931F3AA2790039FEC6 /* Main.storyboard in Resources */ = {isa = PBXBuildFile; fileRef = 704C40911F3AA2790039FEC6 /* Main.storyboard */; };
		704C40951F3AA2790039FEC6 /* Assets.xcassets in Resources */ = {isa = PBXBuildFile; fileRef = 704C40941F3AA2790039FEC6 /* Assets.xcassets */; };
		704C40981F3AA2790039FEC6 /* LaunchScreen.storyboard in Resources */ = {isa = PBXBuildFile; fileRef = 704C40961F3AA2790039FEC6 /* LaunchScreen.storyboard */; };
		704C40A11F3AA28F0039FEC6 /* CoreText.framework in Frameworks */ = {isa = PBXBuildFile; fileRef = 704C40A01F3AA28F0039FEC6 /* CoreText.framework */; };
		704C40A41F3AA4C20039FEC6 /* CoreTextView.m in Sources */ = {isa = PBXBuildFile; fileRef = 704C40A31F3AA4C20039FEC6 /* CoreTextView.m */; };
		704C40A61F3AA5310039FEC6 /* 徐静蕾手写方正字体.ttf in Resources */ = {isa = PBXBuildFile; fileRef = 704C40A51F3AA5310039FEC6 /* 徐静蕾手写方正字体.ttf */; };
		704C41201F418E2D0039FEC6 /* AVFoundation.framework in Frameworks */ = {isa = PBXBuildFile; fileRef = 704C411F1F418E2D0039FEC6 /* AVFoundation.framework */; };
		704C41221F418E760039FEC6 /* VideoToolbox.framework in Frameworks */ = {isa = PBXBuildFile; fileRef = 704C41211F418E760039FEC6 /* VideoToolbox.framework */; };
		704C41251F430A5D0039FEC6 /* A.m in Sources */ = {isa = PBXBuildFile; fileRef = 704C41241F430A5D0039FEC6 /* A.m */; };
		704C41281F430A690039FEC6 /* B.m in Sources */ = {isa = PBXBuildFile; fileRef = 704C41271F430A690039FEC6 /* B.m */; };
/* End PBXBuildFile section */

/* Begin PBXFileReference section */
		7011CD6F1F5695C400B4DC30 /* QDLabel.h */ = {isa = PBXFileReference; fileEncoding = 4; lastKnownFileType = sourcecode.c.h; path = QDLabel.h; sourceTree = "<group>"; };
		7011CD701F5695C400B4DC30 /* QDLabel.m */ = {isa = PBXFileReference; fileEncoding = 4; lastKnownFileType = sourcecode.c.objc; path = QDLabel.m; sourceTree = "<group>"; };
		7011CD721F58074100B4DC30 /* QDTextView.h */ = {isa = PBXFileReference; fileEncoding = 4; lastKnownFileType = sourcecode.c.h; path = QDTextView.h; sourceTree = "<group>"; };
		7011CD731F58074100B4DC30 /* QDTextView.m */ = {isa = PBXFileReference; fileEncoding = 4; lastKnownFileType = sourcecode.c.objc; path = QDTextView.m; sourceTree = "<group>"; };
		704C40851F3AA2790039FEC6 /* TextFontDemo.app */ = {isa = PBXFileReference; explicitFileType = wrapper.application; includeInIndex = 0; path = TextFontDemo.app; sourceTree = BUILT_PRODUCTS_DIR; };
		704C40891F3AA2790039FEC6 /* main.m */ = {isa = PBXFileReference; lastKnownFileType = sourcecode.c.objc; path = main.m; sourceTree = "<group>"; };
		704C408B1F3AA2790039FEC6 /* AppDelegate.h */ = {isa = PBXFileReference; lastKnownFileType = sourcecode.c.h; path = AppDelegate.h; sourceTree = "<group>"; };
		704C408C1F3AA2790039FEC6 /* AppDelegate.m */ = {isa = PBXFileReference; lastKnownFileType = sourcecode.c.objc; path = AppDelegate.m; sourceTree = "<group>"; };
		704C408E1F3AA2790039FEC6 /* ViewController.h */ = {isa = PBXFileReference; lastKnownFileType = sourcecode.c.h; path = ViewController.h; sourceTree = "<group>"; };
		704C408F1F3AA2790039FEC6 /* ViewController.m */ = {isa = PBXFileReference; lastKnownFileType = sourcecode.c.objc; path = ViewController.m; sourceTree = "<group>"; };
		704C40921F3AA2790039FEC6 /* Base */ = {isa = PBXFileReference; lastKnownFileType = file.storyboard; name = Base; path = Base.lproj/Main.storyboard; sourceTree = "<group>"; };
		704C40941F3AA2790039FEC6 /* Assets.xcassets */ = {isa = PBXFileReference; lastKnownFileType = folder.assetcatalog; path = Assets.xcassets; sourceTree = "<group>"; };
		704C40971F3AA2790039FEC6 /* Base */ = {isa = PBXFileReference; lastKnownFileType = file.storyboard; name = Base; path = Base.lproj/LaunchScreen.storyboard; sourceTree = "<group>"; };
		704C40991F3AA2790039FEC6 /* Info.plist */ = {isa = PBXFileReference; lastKnownFileType = text.plist.xml; path = Info.plist; sourceTree = "<group>"; };
		704C40A01F3AA28F0039FEC6 /* CoreText.framework */ = {isa = PBXFileReference; lastKnownFileType = wrapper.framework; name = CoreText.framework; path = System/Library/Frameworks/CoreText.framework; sourceTree = SDKROOT; };
		704C40A21F3AA4C20039FEC6 /* CoreTextView.h */ = {isa = PBXFileReference; fileEncoding = 4; lastKnownFileType = sourcecode.c.h; path = CoreTextView.h; sourceTree = "<group>"; };
		704C40A31F3AA4C20039FEC6 /* CoreTextView.m */ = {isa = PBXFileReference; fileEncoding = 4; lastKnownFileType = sourcecode.c.objc; path = CoreTextView.m; sourceTree = "<group>"; };
		704C40A51F3AA5310039FEC6 /* 徐静蕾手写方正字体.ttf */ = {isa = PBXFileReference; lastKnownFileType = file; path = "徐静蕾手写方正字体.ttf"; sourceTree = "<group>"; };
		704C411F1F418E2D0039FEC6 /* AVFoundation.framework */ = {isa = PBXFileReference; lastKnownFileType = wrapper.framework; name = AVFoundation.framework; path = System/Library/Frameworks/AVFoundation.framework; sourceTree = SDKROOT; };
		704C41211F418E760039FEC6 /* VideoToolbox.framework */ = {isa = PBXFileReference; lastKnownFileType = wrapper.framework; name = VideoToolbox.framework; path = System/Library/Frameworks/VideoToolbox.framework; sourceTree = SDKROOT; };
		704C41231F430A5D0039FEC6 /* A.h */ = {isa = PBXFileReference; fileEncoding = 4; lastKnownFileType = sourcecode.c.h; path = A.h; sourceTree = "<group>"; };
		704C41241F430A5D0039FEC6 /* A.m */ = {isa = PBXFileReference; fileEncoding = 4; lastKnownFileType = sourcecode.c.objc; path = A.m; sourceTree = "<group>"; };
		704C41261F430A690039FEC6 /* B.h */ = {isa = PBXFileReference; fileEncoding = 4; lastKnownFileType = sourcecode.c.h; path = B.h; sourceTree = "<group>"; };
		704C41271F430A690039FEC6 /* B.m */ = {isa = PBXFileReference; fileEncoding = 4; lastKnownFileType = sourcecode.c.objc; path = B.m; sourceTree = "<group>"; };
/* End PBXFileReference section */

/* Begin PBXFrameworksBuildPhase section */
		704C40821F3AA2790039FEC6 /* Frameworks */ = {
			isa = PBXFrameworksBuildPhase;
			buildActionMask = 2147483647;
			files = (
				704C41221F418E760039FEC6 /* VideoToolbox.framework in Frameworks */,
				704C41201F418E2D0039FEC6 /* AVFoundation.framework in Frameworks */,
				704C40A11F3AA28F0039FEC6 /* CoreText.framework in Frameworks */,
			);
			runOnlyForDeploymentPostprocessing = 0;
		};
/* End PBXFrameworksBuildPhase section */

/* Begin PBXGroup section */
		704C407C1F3AA2790039FEC6 = {
			isa = PBXGroup;
			children = (
				704C40871F3AA2790039FEC6 /* TextFontDemo */,
				704C40861F3AA2790039FEC6 /* Products */,
				704C409F1F3AA28F0039FEC6 /* Frameworks */,
			);
			sourceTree = "<group>";
		};
		704C40861F3AA2790039FEC6 /* Products */ = {
			isa = PBXGroup;
			children = (
				704C40851F3AA2790039FEC6 /* TextFontDemo.app */,
			);
			name = Products;
			sourceTree = "<group>";
		};
		704C40871F3AA2790039FEC6 /* TextFontDemo */ = {
			isa = PBXGroup;
			children = (
				704C40A51F3AA5310039FEC6 /* 徐静蕾手写方正字体.ttf */,
				704C408B1F3AA2790039FEC6 /* AppDelegate.h */,
				704C408C1F3AA2790039FEC6 /* AppDelegate.m */,
				704C408E1F3AA2790039FEC6 /* ViewController.h */,
				704C408F1F3AA2790039FEC6 /* ViewController.m */,
				704C40A21F3AA4C20039FEC6 /* CoreTextView.h */,
				704C40A31F3AA4C20039FEC6 /* CoreTextView.m */,
				704C41231F430A5D0039FEC6 /* A.h */,
				704C41241F430A5D0039FEC6 /* A.m */,
				704C41261F430A690039FEC6 /* B.h */,
				704C41271F430A690039FEC6 /* B.m */,
				704C40911F3AA2790039FEC6 /* Main.storyboard */,
				704C40941F3AA2790039FEC6 /* Assets.xcassets */,
				704C40961F3AA2790039FEC6 /* LaunchScreen.storyboard */,
				704C40991F3AA2790039FEC6 /* Info.plist */,
				704C40881F3AA2790039FEC6 /* Supporting Files */,
				7011CD6F1F5695C400B4DC30 /* QDLabel.h */,
				7011CD701F5695C400B4DC30 /* QDLabel.m */,
				7011CD721F58074100B4DC30 /* QDTextView.h */,
				7011CD731F58074100B4DC30 /* QDTextView.m */,
			);
			path = TextFontDemo;
			sourceTree = "<group>";
		};
		704C40881F3AA2790039FEC6 /* Supporting Files */ = {
			isa = PBXGroup;
			children = (
				704C40891F3AA2790039FEC6 /* main.m */,
			);
			name = "Supporting Files";
			sourceTree = "<group>";
		};
		704C409F1F3AA28F0039FEC6 /* Frameworks */ = {
			isa = PBXGroup;
			children = (
				704C41211F418E760039FEC6 /* VideoToolbox.framework */,
				704C411F1F418E2D0039FEC6 /* AVFoundation.framework */,
				704C40A01F3AA28F0039FEC6 /* CoreText.framework */,
			);
			name = Frameworks;
			sourceTree = "<group>";
		};
/* End PBXGroup section */

/* Begin PBXNativeTarget section */
		704C40841F3AA2790039FEC6 /* TextFontDemo */ = {
			isa = PBXNativeTarget;
			buildConfigurationList = 704C409C1F3AA2790039FEC6 /* Build configuration list for PBXNativeTarget "TextFontDemo" */;
			buildPhases = (
				704C40811F3AA2790039FEC6 /* Sources */,
				704C40821F3AA2790039FEC6 /* Frameworks */,
				704C40831F3AA2790039FEC6 /* Resources */,
			);
			buildRules = (
			);
			dependencies = (
			);
			name = TextFontDemo;
			productName = TextFontDemo;
			productReference = 704C40851F3AA2790039FEC6 /* TextFontDemo.app */;
			productType = "com.apple.product-type.application";
		};
/* End PBXNativeTarget section */

/* Begin PBXProject section */
		704C407D1F3AA2790039FEC6 /* Project object */ = {
			isa = PBXProject;
			attributes = {
				LastUpgradeCheck = 0830;
				ORGANIZATIONNAME = QDDemo;
				TargetAttributes = {
					704C40841F3AA2790039FEC6 = {
						CreatedOnToolsVersion = 8.3.3;
						DevelopmentTeam = Q3Y4E4975U;
						ProvisioningStyle = Automatic;
					};
				};
			};
			buildConfigurationList = 704C40801F3AA2790039FEC6 /* Build configuration list for PBXProject "TextFontDemo" */;
			compatibilityVersion = "Xcode 3.2";
			developmentRegion = English;
			hasScannedForEncodings = 0;
			knownRegions = (
				en,
				Base,
			);
			mainGroup = 704C407C1F3AA2790039FEC6;
			productRefGroup = 704C40861F3AA2790039FEC6 /* Products */;
			projectDirPath = "";
			projectRoot = "";
			targets = (
				704C40841F3AA2790039FEC6 /* TextFontDemo */,
			);
		};
/* End PBXProject section */

/* Begin PBXResourcesBuildPhase section */
		704C40831F3AA2790039FEC6 /* Resources */ = {
			isa = PBXResourcesBuildPhase;
			buildActionMask = 2147483647;
			files = (
				704C40981F3AA2790039FEC6 /* LaunchScreen.storyboard in Resources */,
				704C40951F3AA2790039FEC6 /* Assets.xcassets in Resources */,
				704C40A61F3AA5310039FEC6 /* 徐静蕾手写方正字体.ttf in Resources */,
				704C40931F3AA2790039FEC6 /* Main.storyboard in Resources */,
			);
			runOnlyForDeploymentPostprocessing = 0;
		};
/* End PBXResourcesBuildPhase section */

/* Begin PBXSourcesBuildPhase section */
		704C40811F3AA2790039FEC6 /* Sources */ = {
			isa = PBXSourcesBuildPhase;
			buildActionMask = 2147483647;
			files = (
				704C41281F430A690039FEC6 /* B.m in Sources */,
				704C41251F430A5D0039FEC6 /* A.m in Sources */,
				704C40901F3AA2790039FEC6 /* ViewController.m in Sources */,
				704C408D1F3AA2790039FEC6 /* AppDelegate.m in Sources */,
				7011CD741F58074100B4DC30 /* QDTextView.m in Sources */,
				7011CD711F5695C400B4DC30 /* QDLabel.m in Sources */,
				704C40A41F3AA4C20039FEC6 /* CoreTextView.m in Sources */,
				704C408A1F3AA2790039FEC6 /* main.m in Sources */,
			);
			runOnlyForDeploymentPostprocessing = 0;
		};
/* End PBXSourcesBuildPhase section */

/* Begin PBXVariantGroup section */
		704C40911F3AA2790039FEC6 /* Main.storyboard */ = {
			isa = PBXVariantGroup;
			children = (
				704C40921F3AA2790039FEC6 /* Base */,
			);
			name = Main.storyboard;
			sourceTree = "<group>";
		};
		704C40961F3AA2790039FEC6 /* LaunchScreen.storyboard */ = {
			isa = PBXVariantGroup;
			children = (
				704C40971F3AA2790039FEC6 /* Base */,
			);
			name = LaunchScreen.storyboard;
			sourceTree = "<group>";
		};
/* End PBXVariantGroup section */

/* Begin XCBuildConfiguration section */
		704C409A1F3AA2790039FEC6 /* Debug */ = {
			isa = XCBuildConfiguration;
			buildSettings = {
				ALWAYS_SEARCH_USER_PATHS = NO;
				CLANG_ANALYZER_NONNULL = YES;
				CLANG_ANALYZER_NUMBER_OBJECT_CONVERSION = YES_AGGRESSIVE;
				CLANG_CXX_LANGUAGE_STANDARD = "gnu++0x";
				CLANG_CXX_LIBRARY = "libc++";
				CLANG_ENABLE_MODULES = YES;
				CLANG_ENABLE_OBJC_ARC = YES;
				CLANG_WARN_BOOL_CONVERSION = YES;
				CLANG_WARN_CONSTANT_CONVERSION = YES;
				CLANG_WARN_DIRECT_OBJC_ISA_USAGE = YES_ERROR;
				CLANG_WARN_DOCUMENTATION_COMMENTS = YES;
				CLANG_WARN_EMPTY_BODY = YES;
				CLANG_WARN_ENUM_CONVERSION = YES;
				CLANG_WARN_INFINITE_RECURSION = YES;
				CLANG_WARN_INT_CONVERSION = YES;
				CLANG_WARN_OBJC_ROOT_CLASS = YES_ERROR;
				CLANG_WARN_SUSPICIOUS_MOVE = YES;
				CLANG_WARN_UNREACHABLE_CODE = YES;
				CLANG_WARN__DUPLICATE_METHOD_MATCH = YES;
				"CODE_SIGN_IDENTITY[sdk=iphoneos*]" = "iPhone Developer";
				COPY_PHASE_STRIP = NO;
				DEBUG_INFORMATION_FORMAT = dwarf;
				ENABLE_STRICT_OBJC_MSGSEND = YES;
				ENABLE_TESTABILITY = YES;
				GCC_C_LANGUAGE_STANDARD = gnu99;
				GCC_DYNAMIC_NO_PIC = NO;
				GCC_NO_COMMON_BLOCKS = YES;
				GCC_OPTIMIZATION_LEVEL = 0;
				GCC_PREPROCESSOR_DEFINITIONS = (
					"DEBUG=1",
					"$(inherited)",
				);
				GCC_WARN_64_TO_32_BIT_CONVERSION = YES;
				GCC_WARN_ABOUT_RETURN_TYPE = YES_ERROR;
				GCC_WARN_UNDECLARED_SELECTOR = YES;
				GCC_WARN_UNINITIALIZED_AUTOS = YES_AGGRESSIVE;
				GCC_WARN_UNUSED_FUNCTION = YES;
				GCC_WARN_UNUSED_VARIABLE = YES;
				IPHONEOS_DEPLOYMENT_TARGET = 10.3;
				MTL_ENABLE_DEBUG_INFO = YES;
				ONLY_ACTIVE_ARCH = YES;
				SDKROOT = iphoneos;
				TARGETED_DEVICE_FAMILY = "1,2";
			};
			name = Debug;
		};
		704C409B1F3AA2790039FEC6 /* Release */ = {
			isa = XCBuildConfiguration;
			buildSettings = {
				ALWAYS_SEARCH_USER_PATHS = NO;
				CLANG_ANALYZER_NONNULL = YES;
				CLANG_ANALYZER_NUMBER_OBJECT_CONVERSION = YES_AGGRESSIVE;
				CLANG_CXX_LANGUAGE_STANDARD = "gnu++0x";
				CLANG_CXX_LIBRARY = "libc++";
				CLANG_ENABLE_MODULES = YES;
				CLANG_ENABLE_OBJC_ARC = YES;
				CLANG_WARN_BOOL_CONVERSION = YES;
				CLANG_WARN_CONSTANT_CONVERSION = YES;
				CLANG_WARN_DIRECT_OBJC_ISA_USAGE = YES_ERROR;
				CLANG_WARN_DOCUMENTATION_COMMENTS = YES;
				CLANG_WARN_EMPTY_BODY = YES;
				CLANG_WARN_ENUM_CONVERSION = YES;
				CLANG_WARN_INFINITE_RECURSION = YES;
				CLANG_WARN_INT_CONVERSION = YES;
				CLANG_WARN_OBJC_ROOT_CLASS = YES_ERROR;
				CLANG_WARN_SUSPICIOUS_MOVE = YES;
				CLANG_WARN_UNREACHABLE_CODE = YES;
				CLANG_WARN__DUPLICATE_METHOD_MATCH = YES;
				"CODE_SIGN_IDENTITY[sdk=iphoneos*]" = "iPhone Developer";
				COPY_PHASE_STRIP = NO;
				DEBUG_INFORMATION_FORMAT = "dwarf-with-dsym";
				ENABLE_NS_ASSERTIONS = NO;
				ENABLE_STRICT_OBJC_MSGSEND = YES;
				GCC_C_LANGUAGE_STANDARD = gnu99;
				GCC_NO_COMMON_BLOCKS = YES;
				GCC_WARN_64_TO_32_BIT_CONVERSION = YES;
				GCC_WARN_ABOUT_RETURN_TYPE = YES_ERROR;
				GCC_WARN_UNDECLARED_SELECTOR = YES;
				GCC_WARN_UNINITIALIZED_AUTOS = YES_AGGRESSIVE;
				GCC_WARN_UNUSED_FUNCTION = YES;
				GCC_WARN_UNUSED_VARIABLE = YES;
				IPHONEOS_DEPLOYMENT_TARGET = 10.3;
				MTL_ENABLE_DEBUG_INFO = NO;
				SDKROOT = iphoneos;
				TARGETED_DEVICE_FAMILY = "1,2";
				VALIDATE_PRODUCT = YES;
			};
			name = Release;
		};
		704C409D1F3AA2790039FEC6 /* Debug */ = {
			isa = XCBuildConfiguration;
			buildSettings = {
				ASSETCATALOG_COMPILER_APPICON_NAME = AppIcon;
				DEVELOPMENT_TEAM = Q3Y4E4975U;
				INFOPLIST_FILE = TextFontDemo/Info.plist;
				LD_RUNPATH_SEARCH_PATHS = "$(inherited) @executable_path/Frameworks";
				PRODUCT_BUNDLE_IDENTIFIER = com.QD.TextFontDemo;
				PRODUCT_NAME = "$(TARGET_NAME)";
			};
			name = Debug;
		};
		704C409E1F3AA2790039FEC6 /* Release */ = {
			isa = XCBuildConfiguration;
			buildSettings = {
				ASSETCATALOG_COMPILER_APPICON_NAME = AppIcon;
				DEVELOPMENT_TEAM = Q3Y4E4975U;
				INFOPLIST_FILE = TextFontDemo/Info.plist;
				LD_RUNPATH_SEARCH_PATHS = "$(inherited) @executable_path/Frameworks";
				PRODUCT_BUNDLE_IDENTIFIER = com.QD.TextFontDemo;
				PRODUCT_NAME = "$(TARGET_NAME)";
			};
			name = Release;
		};
/* End XCBuildConfiguration section */

/* Begin XCConfigurationList section */
		704C40801F3AA2790039FEC6 /* Build configuration list for PBXProject "TextFontDemo" */ = {
			isa = XCConfigurationList;
			buildConfigurations = (
				704C409A1F3AA2790039FEC6 /* Debug */,
				704C409B1F3AA2790039FEC6 /* Release */,
			);
			defaultConfigurationIsVisible = 0;
			defaultConfigurationName = Release;
		};
		704C409C1F3AA2790039FEC6 /* Build configuration list for PBXNativeTarget "TextFontDemo" */ = {
			isa = XCConfigurationList;
			buildConfigurations = (
				704C409D1F3AA2790039FEC6 /* Debug */,
				704C409E1F3AA2790039FEC6 /* Release */,
			);
			defaultConfigurationIsVisible = 0;
			defaultConfigurationName = Release;
		};
/* End XCConfigurationList section */
	};
	rootObject = 704C407D1F3AA2790039FEC6 /* Project object */;
}
